{
  "name": "fourtune",
  "version": "0.550.0",
  "lockfileVersion": 3,
  "requires": true,
  "packages": {
    "": {
      "name": "fourtune",
      "version": "0.550.0",
      "license": "MIT",
      "dependencies": {
        "@anio-js-foundation/str-colorize": "^2.1.0",
        "@anio-node-foundation/cli-parse-args": "^3.0.0",
        "@anio-software/fs": "^0.6.0"
      },
      "bin": {
        "fourtune": "src/cli.mjs"
      },
      "peerDependencies": {
        "@fourtune/core": "0.x"
      }
    },
    "node_modules/@anio-js-foundation/str-colorize": {
      "version": "2.1.0",
      "resolved": "https://registry.npmjs.org/@anio-js-foundation/str-colorize/-/str-colorize-2.1.0.tgz",
      "integrity": "sha512-p3ZIaBZGdMzX52jdHHlhl2c2sgqhhvtBQ6AQSoQ5lmvkpmDZga9/b172xhrSRx0gQH8/g94m+5wRwUjBOh6Z0w=="
    },
    "node_modules/@anio-node-foundation/cli-parse-args": {
      "version": "3.0.0",
      "resolved": "https://registry.npmjs.org/@anio-node-foundation/cli-parse-args/-/cli-parse-args-3.0.0.tgz",
      "integrity": "sha512-1/4iUcVKuZyLT7EMxyZogXgU6RfWklohWU0g5hsGOUEBqgKQ4PgePDrO6mUMw6neCBuQLbxAEhD/K+9kg6lGgg=="
    },
    "node_modules/@anio-software/fs": {
      "version": "0.6.0",
      "resolved": "https://registry.npmjs.org/@anio-software/fs/-/fs-0.6.0.tgz",
      "integrity": "sha512-wjVq+gY+tqovkE2aXnBoAL7k4yycvLvcRitLIT05TmjvafbnG/7kfsqqGlIaZaoZC3Jd/F6+c+b+P1YMCZD8KQ=="
    },
    "node_modules/@fourtune/core": {
      "version": "0.0.1",
      "resolved": "https://registry.npmjs.org/@fourtune/core/-/core-0.0.1.tgz",
      "integrity": "sha512-j8IZG5kmeqISrlHG1Jo6lN+s1QCrIWnzsIMIrIg46siT89dz4ZufQjKPsWUguwppuFhBFIFPxJBweZoNapgqOw==",
      "peer": true
    }
  }
}
